# THIS IS AN AUTOGENERATED FILE. DO NOT EDIT THIS FILE DIRECTLY.
# yarn lockfile v1


asap@~2.0.3:
  version "2.0.6"
  resolved "https://registry.yarnpkg.com/asap/-/asap-2.0.6.tgz#e50347611d7e690943208bbdafebcbc2fb866d46"

babel-runtime@^6.23.0, babel-runtime@^6.26.0:
  version "6.26.0"
  resolved "https://registry.yarnpkg.com/babel-runtime/-/babel-runtime-6.26.0.tgz#965c7058668e82b55d7bfe04ff2337bc8b5647fe"
  dependencies:
    core-js "^2.4.0"
    regenerator-runtime "^0.11.0"

brcast@^2.0.0:
  version "2.0.2"
  resolved "https://registry.yarnpkg.com/brcast/-/brcast-2.0.2.tgz#2db16de44140e418dc37fab10beec0369e78dcef"

brcast@^3.0.1:
  version "3.0.1"
  resolved "https://registry.yarnpkg.com/brcast/-/brcast-3.0.1.tgz#6256a8349b20de9eed44257a9b24d71493cd48dd"

bs-platform@2.0.0:
  version "2.0.0"
  resolved "https://registry.yarnpkg.com/bs-platform/-/bs-platform-2.0.0.tgz#17ee607fa829f67b8b920438ebca5ec1deab3276"

chain-function@^1.0.0:
  version "1.0.0"
  resolved "https://registry.yarnpkg.com/chain-function/-/chain-function-1.0.0.tgz#0d4ab37e7e18ead0bdc47b920764118ce58733dc"

change-emitter@^0.1.2:
  version "0.1.6"
  resolved "https://registry.yarnpkg.com/change-emitter/-/change-emitter-0.1.6.tgz#e8b2fe3d7f1ab7d69a32199aff91ea6931409515"

classnames@^2.2.5:
  version "2.2.5"
  resolved "https://registry.yarnpkg.com/classnames/-/classnames-2.2.5.tgz#fb3801d453467649ef3603c7d61a02bd129bde6d"

core-js@^1.0.0:
  version "1.2.7"
  resolved "https://registry.yarnpkg.com/core-js/-/core-js-1.2.7.tgz#652294c14651db28fa93bd2d5ff2983a4f08c636"

core-js@^2.4.0:
  version "2.5.1"
  resolved "https://registry.yarnpkg.com/core-js/-/core-js-2.5.1.tgz#ae6874dc66937789b80754ff5428df66819ca50b"

create-react-class@^15.6.0:
  version "15.6.2"
  resolved "https://registry.yarnpkg.com/create-react-class/-/create-react-class-15.6.2.tgz#cf1ed15f12aad7f14ef5f2dfe05e6c42f91ef02a"
  dependencies:
    fbjs "^0.8.9"
    loose-envify "^1.3.1"
    object-assign "^4.1.1"

css-vendor@^0.3.8:
  version "0.3.8"
  resolved "https://registry.yarnpkg.com/css-vendor/-/css-vendor-0.3.8.tgz#6421cfd3034ce664fe7673972fd0119fc28941fa"
  dependencies:
    is-in-browser "^1.0.2"

deepmerge@^2.0.0:
  version "2.0.0"
  resolved "https://registry.yarnpkg.com/deepmerge/-/deepmerge-2.0.0.tgz#35f7ee08e8bde1173b3a529f732dcda67ce82e29"

dom-helpers@^3.2.0, dom-helpers@^3.2.1:
  version "3.2.1"
  resolved "https://registry.yarnpkg.com/dom-helpers/-/dom-helpers-3.2.1.tgz#3203e07fed217bd1f424b019735582fc37b2825a"

dom-walk@^0.1.0:
  version "0.1.1"
  resolved "https://registry.yarnpkg.com/dom-walk/-/dom-walk-0.1.1.tgz#672226dc74c8f799ad35307df936aba11acd6018"

encoding@^0.1.11:
  version "0.1.12"
  resolved "https://registry.yarnpkg.com/encoding/-/encoding-0.1.12.tgz#538b66f3ee62cd1ab51ec323829d1f9480c74beb"
  dependencies:
    iconv-lite "~0.4.13"

fbjs@^0.8.1, fbjs@^0.8.16, fbjs@^0.8.9:
  version "0.8.16"
  resolved "https://registry.yarnpkg.com/fbjs/-/fbjs-0.8.16.tgz#5e67432f550dc41b572bf55847b8aca64e5337db"
  dependencies:
    core-js "^1.0.0"
    isomorphic-fetch "^2.1.1"
    loose-envify "^1.0.0"
    object-assign "^4.1.0"
    promise "^7.1.1"
    setimmediate "^1.0.5"
    ua-parser-js "^0.7.9"

global@~4.3.0:
  version "4.3.2"
  resolved "https://registry.yarnpkg.com/global/-/global-4.3.2.tgz#e76989268a6c74c38908b1305b10fc0e394e9d0f"
  dependencies:
    min-document "^2.19.0"
    process "~0.5.1"

hoist-non-react-statics@^1.2.0:
  version "1.2.0"
  resolved "https://registry.yarnpkg.com/hoist-non-react-statics/-/hoist-non-react-statics-1.2.0.tgz#aa448cf0986d55cc40773b17174b7dd066cb7cfb"

hoist-non-react-statics@^2.3.1:
  version "2.3.1"
  resolved "https://registry.yarnpkg.com/hoist-non-react-statics/-/hoist-non-react-statics-2.3.1.tgz#343db84c6018c650778898240135a1420ee22ce0"

iconv-lite@~0.4.13:
  version "0.4.19"
  resolved "https://registry.yarnpkg.com/iconv-lite/-/iconv-lite-0.4.19.tgz#f7468f60135f5e5dad3399c0a81be9a1603a082b"

is-function@^1.0.1:
  version "1.0.1"
  resolved "https://registry.yarnpkg.com/is-function/-/is-function-1.0.1.tgz#12cfb98b65b57dd3d193a3121f5f6e2f437602b5"

is-in-browser@^1.0.2:
  version "1.1.3"
  resolved "https://registry.yarnpkg.com/is-in-browser/-/is-in-browser-1.1.3.tgz#56ff4db683a078c6082eb95dad7dc62e1d04f835"

is-plain-object@^2.0.1:
  version "2.0.4"
  resolved "https://registry.yarnpkg.com/is-plain-object/-/is-plain-object-2.0.4.tgz#2c163b3fafb1b606d9d17928f05c2a1c38e07677"
  dependencies:
    isobject "^3.0.1"

is-stream@^1.0.1:
  version "1.1.0"
  resolved "https://registry.yarnpkg.com/is-stream/-/is-stream-1.1.0.tgz#12d4a3dd4e68e0b79ceb8dbc84173ae80d91ca44"

isobject@^3.0.1:
  version "3.0.1"
  resolved "https://registry.yarnpkg.com/isobject/-/isobject-3.0.1.tgz#4e431e92b11a9731636aa1f9c8d1ccbcfdab78df"

isomorphic-fetch@^2.1.1:
  version "2.2.1"
  resolved "https://registry.yarnpkg.com/isomorphic-fetch/-/isomorphic-fetch-2.2.1.tgz#611ae1acf14f5e81f729507472819fe9733558a9"
  dependencies:
    node-fetch "^1.0.1"
    whatwg-fetch ">=0.10.0"

js-tokens@^3.0.0:
  version "3.0.2"
  resolved "https://registry.yarnpkg.com/js-tokens/-/js-tokens-3.0.2.tgz#9866df395102130e38f7f996bceb65443209c25b"

jss-camel-case@^5.0.0:
  version "5.0.0"
  resolved "https://registry.yarnpkg.com/jss-camel-case/-/jss-camel-case-5.0.0.tgz#886c1fe56a8a11577454d6a8b4133caa6c1f53a0"

jss-compose@^4.0.0:
  version "4.0.0"
  resolved "https://registry.yarnpkg.com/jss-compose/-/jss-compose-4.0.0.tgz#f0109e8e8301a2678279301c24523dbc76115b9b"
  dependencies:
    warning "^3.0.0"

jss-default-unit@^7.0.0:
  version "7.0.0"
  resolved "https://registry.yarnpkg.com/jss-default-unit/-/jss-default-unit-7.0.0.tgz#176c1db91da870e3ad16301f6f4b4cfc6fe1e90a"

jss-expand@^4.0.0:
  version "4.0.1"
  resolved "https://registry.yarnpkg.com/jss-expand/-/jss-expand-4.0.1.tgz#e8c50e0ac42e7feb6dcaf01212f6607193c1ae80"

jss-extend@^5.0.0:
  version "5.0.0"
  resolved "https://registry.yarnpkg.com/jss-extend/-/jss-extend-5.0.0.tgz#08a1d4015d05dfe011e3a281457d471226865387"
  dependencies:
    warning "^3.0.0"

jss-global@^2.0.0:
  version "2.0.0"
  resolved "https://registry.yarnpkg.com/jss-global/-/jss-global-2.0.0.tgz#a162f822f17e5d760151d908bdb41d7f2824c28f"

jss-nested@^5.0.0:
  version "5.0.0"
  resolved "https://registry.yarnpkg.com/jss-nested/-/jss-nested-5.0.0.tgz#c0752f31f2d465110d7de6ac83583dbed669faa0"
  dependencies:
    warning "^3.0.0"

jss-preset-default@^3.0.0:
  version "3.0.0"
  resolved "https://registry.yarnpkg.com/jss-preset-default/-/jss-preset-default-3.0.0.tgz#e43ee1ac526f689baf2bfd28ae95a6fdc3a02663"
  dependencies:
    jss-camel-case "^5.0.0"
    jss-compose "^4.0.0"
    jss-default-unit "^7.0.0"
    jss-expand "^4.0.0"
    jss-extend "^5.0.0"
    jss-global "^2.0.0"
    jss-nested "^5.0.0"
    jss-props-sort "^5.0.0"
    jss-vendor-prefixer "^6.0.0"

jss-props-sort@^5.0.0:
  version "5.0.0"
  resolved "https://registry.yarnpkg.com/jss-props-sort/-/jss-props-sort-5.0.0.tgz#8839c88433f64e8c1dab1a7068796f19b84f9195"

jss-vendor-prefixer@^6.0.0:
  version "6.0.0"
  resolved "https://registry.yarnpkg.com/jss-vendor-prefixer/-/jss-vendor-prefixer-6.0.0.tgz#be58124f0cbed76e98cc8eb5219dbb260f057d0b"
  dependencies:
    css-vendor "^0.3.8"

jss@^8.1.0:
  version "8.1.0"
  resolved "https://registry.yarnpkg.com/jss/-/jss-8.1.0.tgz#b32f15efcce22446dfda4c2be09a04f38431da0a"
  dependencies:
    is-in-browser "^1.0.2"
    warning "^3.0.0"

keycode@^2.1.9:
  version "2.1.9"
  resolved "https://registry.yarnpkg.com/keycode/-/keycode-2.1.9.tgz#964a23c54e4889405b4861a5c9f0480d45141dfa"

lodash@^4.17.4:
  version "4.17.4"
  resolved "https://registry.yarnpkg.com/lodash/-/lodash-4.17.4.tgz#78203a4d1c328ae1d86dca6460e369b57f4055ae"

loose-envify@^1.0.0, loose-envify@^1.1.0, loose-envify@^1.3.1:
  version "1.3.1"
  resolved "https://registry.yarnpkg.com/loose-envify/-/loose-envify-1.3.1.tgz#d1a8ad33fa9ce0e713d65fdd0ac8b748d478c848"
  dependencies:
    js-tokens "^3.0.0"

material-ui@1.0.0-beta.19:
  version "1.0.0-beta.19"
  resolved "https://registry.yarnpkg.com/material-ui/-/material-ui-1.0.0-beta.19.tgz#fe2cf131f7ffe8f591ed063d1fa5b8360f272164"
  dependencies:
    babel-runtime "^6.26.0"
    brcast "^3.0.1"
    classnames "^2.2.5"
    deepmerge "^2.0.0"
    dom-helpers "^3.2.1"
    hoist-non-react-statics "^2.3.1"
    jss "^8.1.0"
    jss-preset-default "^3.0.0"
    keycode "^2.1.9"
    lodash "^4.17.4"
    normalize-scroll-left "^0.1.2"
    prop-types "^15.6.0"
    react-event-listener "^0.5.1"
    react-flow-types "^0.2.0-beta.3"
    react-jss "^7.2.0"
    react-popper "^0.7.4"
    react-scrollbar-size "^2.0.2"
    react-transition-group "^2.2.1"
    recompose "^0.26.0"
    scroll "^2.0.1"
    warning "^3.0.0"

min-document@^2.19.0:
  version "2.19.0"
  resolved "https://registry.yarnpkg.com/min-document/-/min-document-2.19.0.tgz#7bd282e3f5842ed295bb748cdd9f1ffa2c824685"
  dependencies:
    dom-walk "^0.1.0"

node-fetch@^1.0.1:
  version "1.7.3"
  resolved "https://registry.yarnpkg.com/node-fetch/-/node-fetch-1.7.3.tgz#980f6f72d85211a5347c6b2bc18c5b84c3eb47ef"
  dependencies:
    encoding "^0.1.11"
    is-stream "^1.0.1"

normalize-scroll-left@^0.1.2:
  version "0.1.2"
  resolved "https://registry.yarnpkg.com/normalize-scroll-left/-/normalize-scroll-left-0.1.2.tgz#6b79691ba79eb5fb107fa5edfbdc06b55caee2aa"

object-assign@^4.1.0, object-assign@^4.1.1:
  version "4.1.1"
  resolved "https://registry.yarnpkg.com/object-assign/-/object-assign-4.1.1.tgz#2109adc7965887cfc05cbbd442cac8bfbb360863"

popper.js@^1.12.5:
  version "1.12.6"
  resolved "https://registry.yarnpkg.com/popper.js/-/popper.js-1.12.6.tgz#91e12a97b07815258b76915d64044e8ac053d426"

process@~0.5.1:
  version "0.5.2"
  resolved "https://registry.yarnpkg.com/process/-/process-0.5.2.tgz#1638d8a8e34c2f440a91db95ab9aeb677fc185cf"

promise@^7.1.1:
  version "7.3.1"
  resolved "https://registry.yarnpkg.com/promise/-/promise-7.3.1.tgz#064b72602b18f90f29192b8b1bc418ffd1ebd3bf"
  dependencies:
    asap "~2.0.3"

prop-types@^15.5.10, prop-types@^15.5.8, prop-types@^15.6.0:
  version "15.6.0"
  resolved "https://registry.yarnpkg.com/prop-types/-/prop-types-15.6.0.tgz#ceaf083022fc46b4a35f69e13ef75aed0d639856"
  dependencies:
    fbjs "^0.8.16"
    loose-envify "^1.3.1"
    object-assign "^4.1.1"

rafl@~1.2.1:
  version "1.2.2"
  resolved "https://registry.yarnpkg.com/rafl/-/rafl-1.2.2.tgz#fe930f758211020d47e38815f5196a8be4150740"
  dependencies:
    global "~4.3.0"

react-dom@>=15.0.0:
  version "16.0.0"
  resolved "https://registry.yarnpkg.com/react-dom/-/react-dom-16.0.0.tgz#9cc3079c3dcd70d4c6e01b84aab2a7e34c303f58"
  dependencies:
    fbjs "^0.8.16"
    loose-envify "^1.1.0"
    object-assign "^4.1.1"
    prop-types "^15.6.0"

react-event-listener@^0.5.0, react-event-listener@^0.5.1:
  version "0.5.1"
  resolved "https://registry.yarnpkg.com/react-event-listener/-/react-event-listener-0.5.1.tgz#ba36076e47bc37c5a67ff5ccd4a9ff0f15621040"
  dependencies:
    babel-runtime "^6.26.0"
    fbjs "^0.8.16"
    prop-types "^15.6.0"
    warning "^3.0.0"

react-flow-types@^0.2.0-beta.3:
  version "0.2.0-beta.3"
  resolved "https://registry.yarnpkg.com/react-flow-types/-/react-flow-types-0.2.0-beta.3.tgz#93e7e3c95a75a1a941de05b9d7287e3ca6871046"

react-jss@^7.2.0:
  version "7.2.0"
  resolved "https://registry.yarnpkg.com/react-jss/-/react-jss-7.2.0.tgz#30a5ed51d8388a33767c6d19790b222c1f33f48f"
  dependencies:
    hoist-non-react-statics "^1.2.0"
    jss "^8.1.0"
    jss-preset-default "^3.0.0"
    prop-types "^15.5.8"
    theming "^1.1.0"

react-popper@^0.7.4:
  version "0.7.4"
  resolved "https://registry.yarnpkg.com/react-popper/-/react-popper-0.7.4.tgz#8649d539837e7c6f47bc9b24c9cf57a404e199a1"
  dependencies:
    popper.js "^1.12.5"
    prop-types "^15.5.10"

react-scrollbar-size@^2.0.2:
  version "2.0.2"
  resolved "https://registry.yarnpkg.com/react-scrollbar-size/-/react-scrollbar-size-2.0.2.tgz#237dd091fa39dec8e3a6f720807787703c5ebf9e"
  dependencies:
    babel-runtime "^6.23.0"
    prop-types "^15.5.10"
    react-event-listener "^0.5.0"

react-transition-group@^2.2.1:
  version "2.2.1"
  resolved "https://registry.yarnpkg.com/react-transition-group/-/react-transition-group-2.2.1.tgz#e9fb677b79e6455fd391b03823afe84849df4a10"
  dependencies:
    chain-function "^1.0.0"
    classnames "^2.2.5"
    dom-helpers "^3.2.0"
    loose-envify "^1.3.1"
    prop-types "^15.5.8"
    warning "^3.0.0"

react@>=15.0.0:
  version "16.0.0"
  resolved "https://registry.yarnpkg.com/react/-/react-16.0.0.tgz#ce7df8f1941b036f02b2cca9dbd0cb1f0e855e2d"
  dependencies:
    fbjs "^0.8.16"
    loose-envify "^1.1.0"
    object-assign "^4.1.1"
    prop-types "^15.6.0"

react@^15.5.4:
  version "15.6.2"
  resolved "https://registry.yarnpkg.com/react/-/react-15.6.2.tgz#dba0434ab439cfe82f108f0f511663908179aa72"
  dependencies:
    create-react-class "^15.6.0"
    fbjs "^0.8.9"
    loose-envify "^1.1.0"
    object-assign "^4.1.0"
    prop-types "^15.5.10"

reason-react@0.2.4:
  version "0.2.4"
  resolved "https://registry.yarnpkg.com/reason-react/-/reason-react-0.2.4.tgz#96d85a533fc93e695818dbb3e6a8ae05fbf0de7d"
  dependencies:
    react ">=15.0.0"
    react-dom ">=15.0.0"

recompose@^0.26.0:
  version "0.26.0"
  resolved "https://registry.yarnpkg.com/recompose/-/recompose-0.26.0.tgz#9babff039cb72ba5bd17366d55d7232fbdfb2d30"
  dependencies:
    change-emitter "^0.1.2"
    fbjs "^0.8.1"
    hoist-non-react-statics "^2.3.1"
    symbol-observable "^1.0.4"

regenerator-runtime@^0.11.0:
  version "0.11.0"
  resolved "https://registry.yarnpkg.com/regenerator-runtime/-/regenerator-runtime-0.11.0.tgz#7e54fe5b5ccd5d6624ea6255c3473be090b802e1"

scroll@^2.0.1:
  version "2.0.1"
  resolved "https://registry.yarnpkg.com/scroll/-/scroll-2.0.1.tgz#b4c7d27e8bcf3ae8a58a042f27268ae3f55f9ccd"
  dependencies:
    rafl "~1.2.1"

setimmediate@^1.0.5:
  version "1.0.5"
  resolved "https://registry.yarnpkg.com/setimmediate/-/setimmediate-1.0.5.tgz#290cbb232e306942d7d7ea9b83732ab7856f8285"

symbol-observable@^1.0.4:
  version "1.0.4"
  resolved "https://registry.yarnpkg.com/symbol-observable/-/symbol-observable-1.0.4.tgz#29bf615d4aa7121bdd898b22d4b3f9bc4e2aa03d"

theming@^1.1.0:
  version "1.1.0"
  resolved "https://registry.yarnpkg.com/theming/-/theming-1.1.0.tgz#0562760b55a1b919c2d5eeb94130351f8958e13a"
  dependencies:
    brcast "^2.0.0"
    is-function "^1.0.1"
    is-plain-object "^2.0.1"
    prop-types "^15.5.8"
    react "^15.5.4"

ua-parser-js@^0.7.9:
  version "0.7.17"
  resolved "https://registry.yarnpkg.com/ua-parser-js/-/ua-parser-js-0.7.17.tgz#e9ec5f9498b9ec910e7ae3ac626a805c4d09ecac"

warning@^3.0.0:
  version "3.0.0"
  resolved "https://registry.yarnpkg.com/warning/-/warning-3.0.0.tgz#32e5377cb572de4ab04753bdf8821c01ed605b7c"
  dependencies:
    loose-envify "^1.0.0"

whatwg-fetch@>=0.10.0:
  version "2.0.3"
  resolved "https://registry.yarnpkg.com/whatwg-fetch/-/whatwg-fetch-2.0.3.tgz#9c84ec2dcf68187ff00bc64e1274b442176e1c84"
